
Microsoft Visual Studio Solution File, Format Version 12.00
# Visual Studio Version 17
VisualStudioVersion = 17.7.34024.191
MinimumVisualStudioVersion = 10.0.40219.1
Project("{FAE04EC0-301F-11D3-BF4B-00C04F79EFBC}") = "WPFApp", "WPFApp.csproj", "{ABDFE8C3-B536-4238-82E4-9CE2E42F2AE0}"
EndProject
Global
	GlobalSection(SolutionConfigurationPlatforms) = preSolution
		Debug|Any CPU = Debug|Any CPU
		Release|Any CPU = Release|Any CPU
	EndGlobalSection
	GlobalSection(ProjectConfigurationPlatforms) = postSolution
		{ABDFE8C3-B536-4238-82E4-9CE2E42F2AE0}.Debug|Any CPU.ActiveCfg = Debug|Any CPU
		{ABDFE8C3-B536-4238-82E4-9CE2E42F2AE0}.Debug|Any CPU.Build.0 = Debug|Any CPU
		{ABDFE8C3-B536-4238-82E4-9CE2E42F2AE0}.Release|Any CPU.ActiveCfg = Release|Any CPU
		{ABDFE8C3-B536-4238-82E4-9CE2E42F2AE0}.Release|Any CPU.Build.0 = Release|Any CPU
	EndGlobalSection
	GlobalSection(SolutionProperties) = preSolution
		HideSolutionNode = FALSE
	EndGlobalSection
	GlobalSection(ExtensibilityGlobals) = postSolution
		SolutionGuid = {FE660CEF-B760-4A92-B8DB-74BE42083843}
	EndGlobalSection
EndGlobal
